// !$*UTF8*$!
{
	archiveVersion = 1;
	classes = {
	};
	objectVersion = 73;
	objects = {

/* Begin PBXBuildFile section */
		7C087DD62E6B88FA002F60F2 /* MIDILibrary.swift in Sources */ = {isa = PBXBuildFile; fileRef = 7C087DD52E6B88FA002F60F2 /* MIDILibrary.swift */; };
		7C087DE22E6B892D002F60F2 /* strauss-blue-danube.mid in Resources */ = {isa = PBXBuildFile; fileRef = 7C087DDD2E6B892D002F60F2 /* strauss-blue-danube.mid */; };
		7C087DE32E6B892D002F60F2 /* tchaikovsky-waltz-flowers.mid in Resources */ = {isa = PBXBuildFile; fileRef = 7C087DDE2E6B892D002F60F2 /* tchaikovsky-waltz-flowers.mid */; };
		7C087DE42E6B892D002F60F2 /* rodgers-edelweiss2.mid in Resources */ = {isa = PBXBuildFile; fileRef = 7C087DDB2E6B892D002F60F2 /* rodgers-edelweiss2.mid */; };
		7C087DE52E6B892D002F60F2 /* beethoven-ode-to-joy.mid in Resources */ = {isa = PBXBuildFile; fileRef = 7C087DD72E6B892D002F60F2 /* beethoven-ode-to-joy.mid */; };
		7C087DE62E6B892D002F60F2 /* presley-love-me-tender.mid in Resources */ = {isa = PBXBuildFile; fileRef = 7C087DD92E6B892D002F60F2 /* presley-love-me-tender.mid */; };
		7C087DE72E6B892D002F60F2 /* traditional-greensleeves2.mid in Resources */ = {isa = PBXBuildFile; fileRef = 7C087DE02E6B892D002F60F2 /* traditional-greensleeves2.mid */; };
		7C087DE82E6B892D002F60F2 /* schubert-ave-maria.mid in Resources */ = {isa = PBXBuildFile; fileRef = 7C087DDC2E6B892D002F60F2 /* schubert-ave-maria.mid */; };
		7C087DE92E6B892D002F60F2 /* rodgers-edelweiss.mid in Resources */ = {isa = PBXBuildFile; fileRef = 7C087DDA2E6B892D002F60F2 /* rodgers-edelweiss.mid */; };
		7C087DEA2E6B892D002F60F2 /* traditional-greensleeves.mid in Resources */ = {isa = PBXBuildFile; fileRef = 7C087DDF2E6B892D002F60F2 /* traditional-greensleeves.mid */; };
		7C087DEB2E6B892D002F60F2 /* mancini-moon-river.mid in Resources */ = {isa = PBXBuildFile; fileRef = 7C087DD82E6B892D002F60F2 /* mancini-moon-river.mid */; };
		7C1B5F372E6C257800028CDC /* HarmonicityScale.swift in Sources */ = {isa = PBXBuildFile; fileRef = 7C1B5F362E6C257800028CDC /* HarmonicityScale.swift */; };
		7C1B5F392E6C2BB800028CDC /* HarmonicityControl.swift in Sources */ = {isa = PBXBuildFile; fileRef = 7C1B5F382E6C2BB800028CDC /* HarmonicityControl.swift */; };
		7C1B5F3B2E6C530400028CDC /* SequencerTempoControl.swift in Sources */ = {isa = PBXBuildFile; fileRef = 7C1B5F3A2E6C530400028CDC /* SequencerTempoControl.swift */; };
		7C32BC7C2E29631F00DE9F8D /* AudioKitMIDIManager.swift in Sources */ = {isa = PBXBuildFile; fileRef = 7C32BC7B2E29631F00DE9F8D /* AudioKitMIDIManager.swift */; };
		7C32BC7E2E29633200DE9F8D /* MIDISequencer.swift in Sources */ = {isa = PBXBuildFile; fileRef = 7C32BC7D2E29633200DE9F8D /* MIDISequencer.swift */; };
		7C32BC812E29636400DE9F8D /* AudioKit in Frameworks */ = {isa = PBXBuildFile; productRef = 7C32BC802E29636400DE9F8D /* AudioKit */; };
		7C32BC832E29639B00DE9F8D /* RNBOAudioKitMIDIRouter.swift in Sources */ = {isa = PBXBuildFile; fileRef = 7C32BC822E29639B00DE9F8D /* RNBOAudioKitMIDIRouter.swift */; };
		7C32BC852E2968E400DE9F8D /* midiMelody.mid in Resources */ = {isa = PBXBuildFile; fileRef = 7C32BC842E2968E400DE9F8D /* midiMelody.mid */; };
		7C32BC8B2E30015700DE9F8D /* AudioKitUI in Frameworks */ = {isa = PBXBuildFile; productRef = 7C32BC8A2E30015700DE9F8D /* AudioKitUI */; };
		7C32BC8D2E3008EA00DE9F8D /* NativeSlider.swift in Sources */ = {isa = PBXBuildFile; fileRef = 7C32BC8C2E3008EA00DE9F8D /* NativeSlider.swift */; };
		7C35C1812E3837B9008AAD79 /* parameterConfig.json in Resources */ = {isa = PBXBuildFile; fileRef = 7C35C1802E3837B9008AAD79 /* parameterConfig.json */; };
		7C446AAB2E57D122008622EA /* ProgressionEditorView.swift in Sources */ = {isa = PBXBuildFile; fileRef = 7C446AAA2E57CF32008622EA /* ProgressionEditorView.swift */; };
		7C446AAC2E57D12A008622EA /* ChordPicker.swift in Sources */ = {isa = PBXBuildFile; fileRef = 7C446AA92E57CEDB008622EA /* ChordPicker.swift */; };
		7C446AAD2E57D130008622EA /* Extension.swift in Sources */ = {isa = PBXBuildFile; fileRef = 7C446AA82E57CE85008622EA /* Extension.swift */; };
		7C446AAE2E57D137008622EA /* Progression.swift in Sources */ = {isa = PBXBuildFile; fileRef = 7C446AA72E57CE3D008622EA /* Progression.swift */; };
		7C446AAF2E57D13D008622EA /* chordSchema.json in Resources */ = {isa = PBXBuildFile; fileRef = 7C446AA62E57CE0A008622EA /* chordSchema.json */; };
		7C446AB12E57DDFC008622EA /* ProgressionIO.swift in Sources */ = {isa = PBXBuildFile; fileRef = 7C446AB02E57DDFC008622EA /* ProgressionIO.swift */; };
		7C446AB32E57DE1F008622EA /* ProgressionTheory.swift in Sources */ = {isa = PBXBuildFile; fileRef = 7C446AB22E57DE1F008622EA /* ProgressionTheory.swift */; };
		7C494EBE2E43B15800CA760B /* OctaafStepperView.swift in Sources */ = {isa = PBXBuildFile; fileRef = 7C494EBD2E43B15800CA760B /* OctaafStepperView.swift */; };
		7C68D25B2E5B3535003C3F89 /* ParameterConfig.swift in Sources */ = {isa = PBXBuildFile; fileRef = 7C68D25A2E5B3510003C3F89 /* ParameterConfig.swift */; };
		7C6CC7A12E34EBCC00CE52E9 /* midiMelody2.mid in Resources */ = {isa = PBXBuildFile; fileRef = 7C6CC7A02E34EBCC00CE52E9 /* midiMelody2.mid */; };
		7C7CB1B52E4E6BAF00569724 /* XYPadConfig.swift in Sources */ = {isa = PBXBuildFile; fileRef = 7C7CB1B42E4E6BAF00569724 /* XYPadConfig.swift */; };
		7C7CB1B72E4E6C5D00569724 /* XYPresetStore.swift in Sources */ = {isa = PBXBuildFile; fileRef = 7C7CB1B62E4E6C5D00569724 /* XYPresetStore.swift */; };
		7C7CB1B92E4E6C7A00569724 /* XYPad.swift in Sources */ = {isa = PBXBuildFile; fileRef = 7C7CB1B82E4E6C7A00569724 /* XYPad.swift */; };
		7C7CB1BB2E4E6C9B00569724 /* DualXYPadsView.swift in Sources */ = {isa = PBXBuildFile; fileRef = 7C7CB1BA2E4E6C9B00569724 /* DualXYPadsView.swift */; };
		7C7CB1BD2E4E6CEF00569724 /* xyPresets.json in Resources */ = {isa = PBXBuildFile; fileRef = 7C7CB1BC2E4E6CEB00569724 /* xyPresets.json */; };
		7C86D93D2E5720C1007574EF /* UserInterface.swift in Sources */ = {isa = PBXBuildFile; fileRef = 7C86D93C2E5720BF007574EF /* UserInterface.swift */; };
		7CD9AF182E70B183008E6C09 /* RNBOKit.framework in Frameworks */ = {isa = PBXBuildFile; fileRef = 7CD9AF122E70B183008E6C09 /* RNBOKit.framework */; };
		7CD9AF192E70B183008E6C09 /* RNBOKit.framework in Embed Frameworks */ = {isa = PBXBuildFile; fileRef = 7CD9AF122E70B183008E6C09 /* RNBOKit.framework */; settings = {ATTRIBUTES = (CodeSignOnCopy, RemoveHeadersOnCopy, ); }; };
		7CF226572E6078F100103A6A /* ArpAppView.swift in Sources */ = {isa = PBXBuildFile; fileRef = 7CF226562E6078F100103A6A /* ArpAppView.swift */; };
		7CF226592E60791300103A6A /* ArpEditorView.swift in Sources */ = {isa = PBXBuildFile; fileRef = 7CF226582E60791300103A6A /* ArpEditorView.swift */; };
		AF4B40932B06326800FAACBF /* RNBOEventHandler.swift in Sources */ = {isa = PBXBuildFile; fileRef = AF4B40922B06326800FAACBF /* RNBOEventHandler.swift */; };
		AF4B409B2B06C4B100FAACBF /* Keyboard in Frameworks */ = {isa = PBXBuildFile; platformFilters = (ios, macos, ); productRef = AF4B409A2B06C4B100FAACBF /* Keyboard */; };
		AF865DE82B0A381B0019FB28 /* MIDIHelpers.swift in Sources */ = {isa = PBXBuildFile; fileRef = AF865DE72B0A381B0019FB28 /* MIDIHelpers.swift */; };
		AFEBC8E22B079BD80097D64B /* Buttons.swift in Sources */ = {isa = PBXBuildFile; fileRef = AFEBC8E12B079BD80097D64B /* Buttons.swift */; };
		AFEBC8E42B079C150097D64B /* AudioKitKeyboard.swift in Sources */ = {isa = PBXBuildFile; fileRef = AFEBC8E32B079C150097D64B /* AudioKitKeyboard.swift */; };
		AFF2B41E29A2090200068DD0 /* Sonik.swift in Sources */ = {isa = PBXBuildFile; fileRef = AFF2B41D29A2090200068DD0 /* Sonik.swift */; };
		AFF2B42029A2090200068DD0 /* ContentView.swift in Sources */ = {isa = PBXBuildFile; fileRef = AFF2B41F29A2090200068DD0 /* ContentView.swift */; };
		AFF2B42229A2090300068DD0 /* Assets.xcassets in Resources */ = {isa = PBXBuildFile; fileRef = AFF2B42129A2090300068DD0 /* Assets.xcassets */; };
		AFF2B42629A2090300068DD0 /* Preview Assets.xcassets in Resources */ = {isa = PBXBuildFile; fileRef = AFF2B42529A2090300068DD0 /* Preview Assets.xcassets */; };
		AFF2B4EB29A2094600068DD0 /* RNBOAudioEngine.swift in Sources */ = {isa = PBXBuildFile; fileRef = AFF2B43229A2093F00068DD0 /* RNBOAudioEngine.swift */; };
		AFF2B4EC29A2094600068DD0 /* RNBOParameter.swift in Sources */ = {isa = PBXBuildFile; fileRef = AFF2B43029A2093F00068DD0 /* RNBOParameter.swift */; };
		AFF2B4ED29A2094600068DD0 /* RNBOAudioUnitHostModel.swift in Sources */ = {isa = PBXBuildFile; fileRef = AFF2B43129A2093F00068DD0 /* RNBOAudioUnitHostModel.swift */; };
		AFF2B4FA29A20A3900068DD0 /* Sliders.swift in Sources */ = {isa = PBXBuildFile; fileRef = AFF2B4F729A20A3500068DD0 /* Sliders.swift */; };
		AFF4B5222A006A8200087CB8 /* Synth.aif in Resources */ = {isa = PBXBuildFile; fileRef = AFF4B5212A0069D800087CB8 /* Synth.aif */; };
		AFFCBE422B09019A00800A23 /* RNBODescription.swift in Sources */ = {isa = PBXBuildFile; fileRef = AFFCBE412B09019A00800A23 /* RNBODescription.swift */; };
		AFFCBE442B09079000800A23 /* DescriptionView.swift in Sources */ = {isa = PBXBuildFile; fileRef = AFFCBE432B09079000800A23 /* DescriptionView.swift */; };
		AFFCBE462B09575300800A23 /* SliderView.swift in Sources */ = {isa = PBXBuildFile; fileRef = AFFCBE452B09575300800A23 /* SliderView.swift */; };
/* End PBXBuildFile section */

/* Begin PBXContainerItemProxy section */
		7CD9AF162E70B183008E6C09 /* PBXContainerItemProxy */ = {
			isa = PBXContainerItemProxy;
			containerPortal = AFF2B41229A2090200068DD0 /* Project object */;
			proxyType = 1;
			remoteGlobalIDString = 7CD9AF112E70B183008E6C09;
			remoteInfo = RNBOKit;
		};
/* End PBXContainerItemProxy section */

/* Begin PBXCopyFilesBuildPhase section */
		7CD9AF1A2E70B183008E6C09 /* Embed Frameworks */ = {
			isa = PBXCopyFilesBuildPhase;
			buildActionMask = 2147483647;
			dstPath = "";
			dstSubfolderSpec = 10;
			files = (
				7CD9AF192E70B183008E6C09 /* RNBOKit.framework in Embed Frameworks */,
			);
			name = "Embed Frameworks";
			runOnlyForDeploymentPostprocessing = 0;
		};
/* End PBXCopyFilesBuildPhase section */

/* Begin PBXFileReference section */
		7C087DD52E6B88FA002F60F2 /* MIDILibrary.swift */ = {isa = PBXFileReference; lastKnownFileType = sourcecode.swift; path = MIDILibrary.swift; sourceTree = "<group>"; };
		7C087DD72E6B892D002F60F2 /* beethoven-ode-to-joy.mid */ = {isa = PBXFileReference; lastKnownFileType = audio.midi; path = "beethoven-ode-to-joy.mid"; sourceTree = "<group>"; };
		7C087DD82E6B892D002F60F2 /* mancini-moon-river.mid */ = {isa = PBXFileReference; lastKnownFileType = audio.midi; path = "mancini-moon-river.mid"; sourceTree = "<group>"; };
		7C087DD92E6B892D002F60F2 /* presley-love-me-tender.mid */ = {isa = PBXFileReference; lastKnownFileType = audio.midi; path = "presley-love-me-tender.mid"; sourceTree = "<group>"; };
		7C087DDA2E6B892D002F60F2 /* rodgers-edelweiss.mid */ = {isa = PBXFileReference; lastKnownFileType = audio.midi; path = "rodgers-edelweiss.mid"; sourceTree = "<group>"; };
		7C087DDB2E6B892D002F60F2 /* rodgers-edelweiss2.mid */ = {isa = PBXFileReference; lastKnownFileType = audio.midi; path = "rodgers-edelweiss2.mid"; sourceTree = "<group>"; };
		7C087DDC2E6B892D002F60F2 /* schubert-ave-maria.mid */ = {isa = PBXFileReference; lastKnownFileType = audio.midi; path = "schubert-ave-maria.mid"; sourceTree = "<group>"; };
		7C087DDD2E6B892D002F60F2 /* strauss-blue-danube.mid */ = {isa = PBXFileReference; lastKnownFileType = audio.midi; path = "strauss-blue-danube.mid"; sourceTree = "<group>"; };
		7C087DDE2E6B892D002F60F2 /* tchaikovsky-waltz-flowers.mid */ = {isa = PBXFileReference; lastKnownFileType = audio.midi; path = "tchaikovsky-waltz-flowers.mid"; sourceTree = "<group>"; };
		7C087DDF2E6B892D002F60F2 /* traditional-greensleeves.mid */ = {isa = PBXFileReference; lastKnownFileType = audio.midi; path = "traditional-greensleeves.mid"; sourceTree = "<group>"; };
		7C087DE02E6B892D002F60F2 /* traditional-greensleeves2.mid */ = {isa = PBXFileReference; lastKnownFileType = audio.midi; path = "traditional-greensleeves2.mid"; sourceTree = "<group>"; };
		7C1B5F362E6C257800028CDC /* HarmonicityScale.swift */ = {isa = PBXFileReference; lastKnownFileType = sourcecode.swift; path = HarmonicityScale.swift; sourceTree = "<group>"; };
		7C1B5F382E6C2BB800028CDC /* HarmonicityControl.swift */ = {isa = PBXFileReference; lastKnownFileType = sourcecode.swift; path = HarmonicityControl.swift; sourceTree = "<group>"; };
		7C1B5F3A2E6C530400028CDC /* SequencerTempoControl.swift */ = {isa = PBXFileReference; lastKnownFileType = sourcecode.swift; path = SequencerTempoControl.swift; sourceTree = "<group>"; };
		7C32BC7B2E29631F00DE9F8D /* AudioKitMIDIManager.swift */ = {isa = PBXFileReference; lastKnownFileType = sourcecode.swift; path = AudioKitMIDIManager.swift; sourceTree = "<group>"; };
		7C32BC7D2E29633200DE9F8D /* MIDISequencer.swift */ = {isa = PBXFileReference; lastKnownFileType = sourcecode.swift; path = MIDISequencer.swift; sourceTree = "<group>"; };
		7C32BC822E29639B00DE9F8D /* RNBOAudioKitMIDIRouter.swift */ = {isa = PBXFileReference; lastKnownFileType = sourcecode.swift; path = RNBOAudioKitMIDIRouter.swift; sourceTree = "<group>"; };
		7C32BC842E2968E400DE9F8D /* midiMelody.mid */ = {isa = PBXFileReference; lastKnownFileType = audio.midi; path = midiMelody.mid; sourceTree = "<group>"; };
		7C32BC8C2E3008EA00DE9F8D /* NativeSlider.swift */ = {isa = PBXFileReference; lastKnownFileType = sourcecode.swift; path = NativeSlider.swift; sourceTree = "<group>"; };
		7C35C1802E3837B9008AAD79 /* parameterConfig.json */ = {isa = PBXFileReference; lastKnownFileType = text.json; path = parameterConfig.json; sourceTree = "<group>"; };
		7C446AA62E57CE0A008622EA /* chordSchema.json */ = {isa = PBXFileReference; lastKnownFileType = text.json; path = chordSchema.json; sourceTree = "<group>"; };
		7C446AA72E57CE3D008622EA /* Progression.swift */ = {isa = PBXFileReference; lastKnownFileType = sourcecode.swift; path = Progression.swift; sourceTree = "<group>"; };
		7C446AA82E57CE85008622EA /* Extension.swift */ = {isa = PBXFileReference; lastKnownFileType = sourcecode.swift; path = Extension.swift; sourceTree = "<group>"; };
		7C446AA92E57CEDB008622EA /* ChordPicker.swift */ = {isa = PBXFileReference; lastKnownFileType = sourcecode.swift; path = ChordPicker.swift; sourceTree = "<group>"; };
		7C446AAA2E57CF32008622EA /* ProgressionEditorView.swift */ = {isa = PBXFileReference; lastKnownFileType = sourcecode.swift; path = ProgressionEditorView.swift; sourceTree = "<group>"; };
		7C446AB02E57DDFC008622EA /* ProgressionIO.swift */ = {isa = PBXFileReference; lastKnownFileType = sourcecode.swift; path = ProgressionIO.swift; sourceTree = "<group>"; };
		7C446AB22E57DE1F008622EA /* ProgressionTheory.swift */ = {isa = PBXFileReference; lastKnownFileType = sourcecode.swift; path = ProgressionTheory.swift; sourceTree = "<group>"; };
		7C494EBD2E43B15800CA760B /* OctaafStepperView.swift */ = {isa = PBXFileReference; lastKnownFileType = sourcecode.swift; path = OctaafStepperView.swift; sourceTree = "<group>"; };
		7C68D25A2E5B3510003C3F89 /* ParameterConfig.swift */ = {isa = PBXFileReference; lastKnownFileType = sourcecode.swift; path = ParameterConfig.swift; sourceTree = "<group>"; };
		7C6CC7A02E34EBCC00CE52E9 /* midiMelody2.mid */ = {isa = PBXFileReference; lastKnownFileType = audio.midi; path = midiMelody2.mid; sourceTree = "<group>"; };
		7C7CB1B42E4E6BAF00569724 /* XYPadConfig.swift */ = {isa = PBXFileReference; lastKnownFileType = sourcecode.swift; path = XYPadConfig.swift; sourceTree = "<group>"; };
		7C7CB1B62E4E6C5D00569724 /* XYPresetStore.swift */ = {isa = PBXFileReference; lastKnownFileType = sourcecode.swift; path = XYPresetStore.swift; sourceTree = "<group>"; };
		7C7CB1B82E4E6C7A00569724 /* XYPad.swift */ = {isa = PBXFileReference; lastKnownFileType = sourcecode.swift; path = XYPad.swift; sourceTree = "<group>"; };
		7C7CB1BA2E4E6C9B00569724 /* DualXYPadsView.swift */ = {isa = PBXFileReference; lastKnownFileType = sourcecode.swift; path = DualXYPadsView.swift; sourceTree = "<group>"; };
		7C7CB1BC2E4E6CEB00569724 /* xyPresets.json */ = {isa = PBXFileReference; lastKnownFileType = text.json; path = xyPresets.json; sourceTree = "<group>"; };
		7C86D93C2E5720BF007574EF /* UserInterface.swift */ = {isa = PBXFileReference; lastKnownFileType = sourcecode.swift; path = UserInterface.swift; sourceTree = "<group>"; };
		7CD9AF122E70B183008E6C09 /* RNBOKit.framework */ = {isa = PBXFileReference; explicitFileType = wrapper.framework; includeInIndex = 0; path = RNBOKit.framework; sourceTree = BUILT_PRODUCTS_DIR; };
		7CF226562E6078F100103A6A /* ArpAppView.swift */ = {isa = PBXFileReference; lastKnownFileType = sourcecode.swift; path = ArpAppView.swift; sourceTree = "<group>"; };
		7CF226582E60791300103A6A /* ArpEditorView.swift */ = {isa = PBXFileReference; lastKnownFileType = sourcecode.swift; path = ArpEditorView.swift; sourceTree = "<group>"; };
		AF4B40922B06326800FAACBF /* RNBOEventHandler.swift */ = {isa = PBXFileReference; lastKnownFileType = sourcecode.swift; path = RNBOEventHandler.swift; sourceTree = "<group>"; };
		AF865DE72B0A381B0019FB28 /* MIDIHelpers.swift */ = {isa = PBXFileReference; lastKnownFileType = sourcecode.swift; path = MIDIHelpers.swift; sourceTree = "<group>"; };
		AFA214B62B20D01000BCD4E6 /* Sonik-info.plist */ = {isa = PBXFileReference; lastKnownFileType = text.plist.xml; path = "Sonik-info.plist"; sourceTree = SOURCE_ROOT; };
		AFEBC8E12B079BD80097D64B /* Buttons.swift */ = {isa = PBXFileReference; lastKnownFileType = sourcecode.swift; path = Buttons.swift; sourceTree = "<group>"; };
		AFEBC8E32B079C150097D64B /* AudioKitKeyboard.swift */ = {isa = PBXFileReference; lastKnownFileType = sourcecode.swift; path = AudioKitKeyboard.swift; sourceTree = "<group>"; };
		AFF2B41A29A2090200068DD0 /* Sonik.app */ = {isa = PBXFileReference; explicitFileType = wrapper.application; includeInIndex = 0; path = Sonik.app; sourceTree = BUILT_PRODUCTS_DIR; };
		AFF2B41D29A2090200068DD0 /* Sonik.swift */ = {isa = PBXFileReference; lastKnownFileType = sourcecode.swift; path = Sonik.swift; sourceTree = "<group>"; };
		AFF2B41F29A2090200068DD0 /* ContentView.swift */ = {isa = PBXFileReference; lastKnownFileType = sourcecode.swift; path = ContentView.swift; sourceTree = "<group>"; };
		AFF2B42129A2090300068DD0 /* Assets.xcassets */ = {isa = PBXFileReference; lastKnownFileType = folder.assetcatalog; path = Assets.xcassets; sourceTree = "<group>"; };
		AFF2B42329A2090300068DD0 /* Sonik.entitlements */ = {isa = PBXFileReference; lastKnownFileType = text.plist.entitlements; path = Sonik.entitlements; sourceTree = "<group>"; };
		AFF2B42529A2090300068DD0 /* Preview Assets.xcassets */ = {isa = PBXFileReference; lastKnownFileType = folder.assetcatalog; path = "Preview Assets.xcassets"; sourceTree = "<group>"; };
		AFF2B43029A2093F00068DD0 /* RNBOParameter.swift */ = {isa = PBXFileReference; lastKnownFileType = sourcecode.swift; path = RNBOParameter.swift; sourceTree = "<group>"; };
		AFF2B43129A2093F00068DD0 /* RNBOAudioUnitHostModel.swift */ = {isa = PBXFileReference; lastKnownFileType = sourcecode.swift; path = RNBOAudioUnitHostModel.swift; sourceTree = "<group>"; };
		AFF2B43229A2093F00068DD0 /* RNBOAudioEngine.swift */ = {isa = PBXFileReference; lastKnownFileType = sourcecode.swift; path = RNBOAudioEngine.swift; sourceTree = "<group>"; };
		AFF2B4F729A20A3500068DD0 /* Sliders.swift */ = {isa = PBXFileReference; lastKnownFileType = sourcecode.swift; path = Sliders.swift; sourceTree = "<group>"; };
		AFF4B5212A0069D800087CB8 /* Synth.aif */ = {isa = PBXFileReference; lastKnownFileType = file; path = Synth.aif; sourceTree = "<group>"; };
		AFFCBE412B09019A00800A23 /* RNBODescription.swift */ = {isa = PBXFileReference; lastKnownFileType = sourcecode.swift; path = RNBODescription.swift; sourceTree = "<group>"; };
		AFFCBE432B09079000800A23 /* DescriptionView.swift */ = {isa = PBXFileReference; lastKnownFileType = sourcecode.swift; path = DescriptionView.swift; sourceTree = "<group>"; };
		AFFCBE452B09575300800A23 /* SliderView.swift */ = {isa = PBXFileReference; lastKnownFileType = sourcecode.swift; path = SliderView.swift; sourceTree = "<group>"; };
/* End PBXFileReference section */

/* Begin PBXFileSystemSynchronizedBuildFileExceptionSet section */
		7CD9AF1D2E70B183008E6C09 /* PBXFileSystemSynchronizedBuildFileExceptionSet */ = {
			isa = PBXFileSystemSynchronizedBuildFileExceptionSet;
			membershipExceptions = (
				Sources/Public/RNBOKit.h,
			);
			publicHeaders = (
				RNBOKit.h,
			);
			target = 7CD9AF112E70B183008E6C09 /* RNBOKit */;
		};
/* End PBXFileSystemSynchronizedBuildFileExceptionSet section */

/* Begin PBXFileSystemSynchronizedGroupBuildPhaseMembershipExceptionSet section */
		7C21CA6D2E71CE71002A4ADC /* PBXFileSystemSynchronizedGroupBuildPhaseMembershipExceptionSet */ = {
			isa = PBXFileSystemSynchronizedGroupBuildPhaseMembershipExceptionSet;
			buildPhase = 7CD9AF102E70B183008E6C09 /* Resources */;
			membershipExceptions = (
				Sources/Public/RNBOKit.h,
			);
		};
/* End PBXFileSystemSynchronizedGroupBuildPhaseMembershipExceptionSet section */

/* Begin PBXFileSystemSynchronizedRootGroup section */
		7CD9AF132E70B183008E6C09 /* RNBOKit */ = {isa = PBXFileSystemSynchronizedRootGroup; exceptions = (7CD9AF1D2E70B183008E6C09 /* PBXFileSystemSynchronizedBuildFileExceptionSet */, 7C21CA6D2E71CE71002A4ADC /* PBXFileSystemSynchronizedGroupBuildPhaseMembershipExceptionSet */, ); explicitFileTypes = {}; explicitFolders = (); path = RNBOKit; sourceTree = "<group>"; };
/* End PBXFileSystemSynchronizedRootGroup section */

/* Begin PBXFrameworksBuildPhase section */
		7CD9AF0F2E70B183008E6C09 /* Frameworks */ = {
			isa = PBXFrameworksBuildPhase;
			buildActionMask = 2147483647;
			files = (
			);
			runOnlyForDeploymentPostprocessing = 0;
		};
		AFF2B41729A2090200068DD0 /* Frameworks */ = {
			isa = PBXFrameworksBuildPhase;
			buildActionMask = 2147483647;
			files = (
				7C32BC812E29636400DE9F8D /* AudioKit in Frameworks */,
				7C32BC8B2E30015700DE9F8D /* AudioKitUI in Frameworks */,
				7CD9AF182E70B183008E6C09 /* RNBOKit.framework in Frameworks */,
				AF4B409B2B06C4B100FAACBF /* Keyboard in Frameworks */,
			);
			runOnlyForDeploymentPostprocessing = 0;
		};
/* End PBXFrameworksBuildPhase section */

/* Begin PBXGroup section */
		7C087DD42E6B88E8002F60F2 /* Speeldoos */ = {
			isa = PBXGroup;
			children = (
				7C087DD52E6B88FA002F60F2 /* MIDILibrary.swift */,
			);
			path = Speeldoos;
			sourceTree = "<group>";
		};
		7C087DE12E6B892D002F60F2 /* midiFiles */ = {
			isa = PBXGroup;
			children = (
				7C087DD72E6B892D002F60F2 /* beethoven-ode-to-joy.mid */,
				7C087DD82E6B892D002F60F2 /* mancini-moon-river.mid */,
				7C087DD92E6B892D002F60F2 /* presley-love-me-tender.mid */,
				7C087DDA2E6B892D002F60F2 /* rodgers-edelweiss.mid */,
				7C087DDB2E6B892D002F60F2 /* rodgers-edelweiss2.mid */,
				7C087DDC2E6B892D002F60F2 /* schubert-ave-maria.mid */,
				7C087DDD2E6B892D002F60F2 /* strauss-blue-danube.mid */,
				7C087DDE2E6B892D002F60F2 /* tchaikovsky-waltz-flowers.mid */,
				7C087DDF2E6B892D002F60F2 /* traditional-greensleeves.mid */,
				7C087DE02E6B892D002F60F2 /* traditional-greensleeves2.mid */,
			);
			path = midiFiles;
			sourceTree = "<group>";
		};
		7C1B5F352E6C256C00028CDC /* Harmonicity */ = {
			isa = PBXGroup;
			children = (
				7C1B5F382E6C2BB800028CDC /* HarmonicityControl.swift */,
				7C1B5F362E6C257800028CDC /* HarmonicityScale.swift */,
			);
			path = Harmonicity;
			sourceTree = "<group>";
		};
		7C446AA52E57CDE4008622EA /* Arp */ = {
			isa = PBXGroup;
			children = (
				7CF226562E6078F100103A6A /* ArpAppView.swift */,
				7CF226582E60791300103A6A /* ArpEditorView.swift */,
				7C446AB22E57DE1F008622EA /* ProgressionTheory.swift */,
				7C446AB02E57DDFC008622EA /* ProgressionIO.swift */,
				7C446AAA2E57CF32008622EA /* ProgressionEditorView.swift */,
				7C446AA92E57CEDB008622EA /* ChordPicker.swift */,
				7C446AA82E57CE85008622EA /* Extension.swift */,
				7C446AA72E57CE3D008622EA /* Progression.swift */,
				7C446AA62E57CE0A008622EA /* chordSchema.json */,
			);
			path = Arp;
			sourceTree = "<group>";
		};
		7C86D9372E571C47007574EF /* UserInterface */ = {
			isa = PBXGroup;
			children = (
				7C86D93C2E5720BF007574EF /* UserInterface.swift */,
				AFEBC8E32B079C150097D64B /* AudioKitKeyboard.swift */,
				7C86D9382E571C8E007574EF /* XY */,
				7C86D9392E571C9D007574EF /* Sliders */,
				7C86D93A2E571D13007574EF /* Transport */,
				7C86D93B2E571D53007574EF /* Deprecated */,
			);
			path = UserInterface;
			sourceTree = "<group>";
		};
		7C86D9382E571C8E007574EF /* XY */ = {
			isa = PBXGroup;
			children = (
				7C7CB1BC2E4E6CEB00569724 /* xyPresets.json */,
				7C7CB1BA2E4E6C9B00569724 /* DualXYPadsView.swift */,
				7C7CB1B82E4E6C7A00569724 /* XYPad.swift */,
				7C7CB1B62E4E6C5D00569724 /* XYPresetStore.swift */,
				7C7CB1B42E4E6BAF00569724 /* XYPadConfig.swift */,
			);
			path = XY;
			sourceTree = "<group>";
		};
		7C86D9392E571C9D007574EF /* Sliders */ = {
			isa = PBXGroup;
			children = (
				7C1B5F3A2E6C530400028CDC /* SequencerTempoControl.swift */,
				7C1B5F352E6C256C00028CDC /* Harmonicity */,
				AFF2B4F729A20A3500068DD0 /* Sliders.swift */,
				7C32BC8C2E3008EA00DE9F8D /* NativeSlider.swift */,
				AFFCBE452B09575300800A23 /* SliderView.swift */,
			);
			path = Sliders;
			sourceTree = "<group>";
		};
		7C86D93A2E571D13007574EF /* Transport */ = {
			isa = PBXGroup;
			children = (
				7C494EBD2E43B15800CA760B /* OctaafStepperView.swift */,
			);
			path = Transport;
			sourceTree = "<group>";
		};
		7C86D93B2E571D53007574EF /* Deprecated */ = {
			isa = PBXGroup;
			children = (
				AFEBC8E12B079BD80097D64B /* Buttons.swift */,
				AFFCBE432B09079000800A23 /* DescriptionView.swift */,
			);
			path = Deprecated;
			sourceTree = "<group>";
		};
		AFF2B41129A2090200068DD0 = {
			isa = PBXGroup;
			children = (
				AFF2B41C29A2090200068DD0 /* Sonik */,
				7CD9AF132E70B183008E6C09 /* RNBOKit */,
				AFF2B41B29A2090200068DD0 /* Products */,
			);
			sourceTree = "<group>";
		};
		AFF2B41B29A2090200068DD0 /* Products */ = {
			isa = PBXGroup;
			children = (
				AFF2B41A29A2090200068DD0 /* Sonik.app */,
				7CD9AF122E70B183008E6C09 /* RNBOKit.framework */,
			);
			name = Products;
			sourceTree = "<group>";
		};
		AFF2B41C29A2090200068DD0 /* Sonik */ = {
			isa = PBXGroup;
			children = (
				AFF2B42329A2090300068DD0 /* Sonik.entitlements */,
				AFA214B62B20D01000BCD4E6 /* Sonik-info.plist */,
				AFF2B41D29A2090200068DD0 /* Sonik.swift */,
				AFF2B41F29A2090200068DD0 /* ContentView.swift */,
				7C86D9372E571C47007574EF /* UserInterface */,
				AFF2B42E29A2093F00068DD0 /* RNBO */,
				7C446AA52E57CDE4008622EA /* Arp */,
				7C087DD42E6B88E8002F60F2 /* Speeldoos */,
				7C087DE12E6B892D002F60F2 /* midiFiles */,
				7C35C1802E3837B9008AAD79 /* parameterConfig.json */,
				7C32BC7B2E29631F00DE9F8D /* AudioKitMIDIManager.swift */,
				7C32BC822E29639B00DE9F8D /* RNBOAudioKitMIDIRouter.swift */,
				7C32BC7D2E29633200DE9F8D /* MIDISequencer.swift */,
				AFF2B42129A2090300068DD0 /* Assets.xcassets */,
				AFF2B42429A2090300068DD0 /* Preview Content */,
				7C32BC842E2968E400DE9F8D /* midiMelody.mid */,
				7C6CC7A02E34EBCC00CE52E9 /* midiMelody2.mid */,
			);
			path = Sonik;
			sourceTree = "<group>";
		};
		AFF2B42429A2090300068DD0 /* Preview Content */ = {
			isa = PBXGroup;
			children = (
				AFF2B42529A2090300068DD0 /* Preview Assets.xcassets */,
			);
			path = "Preview Content";
			sourceTree = "<group>";
		};
		AFF2B42E29A2093F00068DD0 /* RNBO */ = {
			isa = PBXGroup;
			children = (
				7C68D25A2E5B3510003C3F89 /* ParameterConfig.swift */,
				AFF2B42F29A2093F00068DD0 /* Interface */,
			);
			path = RNBO;
			sourceTree = "<group>";
		};
		AFF2B42F29A2093F00068DD0 /* Interface */ = {
			isa = PBXGroup;
			children = (
				AFF2B43129A2093F00068DD0 /* RNBOAudioUnitHostModel.swift */,
				AFF2B43229A2093F00068DD0 /* RNBOAudioEngine.swift */,
				AFFCBE412B09019A00800A23 /* RNBODescription.swift */,
				AFF2B43029A2093F00068DD0 /* RNBOParameter.swift */,
				AF4B40922B06326800FAACBF /* RNBOEventHandler.swift */,
				AF865DE72B0A381B0019FB28 /* MIDIHelpers.swift */,
				AFF4B5212A0069D800087CB8 /* Synth.aif */,
			);
			path = Interface;
			sourceTree = "<group>";
		};
/* End PBXGroup section */

/* Begin PBXHeadersBuildPhase section */
		7CD9AF0D2E70B183008E6C09 /* Headers */ = {
			isa = PBXHeadersBuildPhase;
			buildActionMask = 2147483647;
			files = (
			);
			runOnlyForDeploymentPostprocessing = 0;
		};
/* End PBXHeadersBuildPhase section */

/* Begin PBXNativeTarget section */
		7CD9AF112E70B183008E6C09 /* RNBOKit */ = {
			isa = PBXNativeTarget;
			buildConfigurationList = 7CD9AF1E2E70B183008E6C09 /* Build configuration list for PBXNativeTarget "RNBOKit" */;
			buildPhases = (
				7CD9AF0D2E70B183008E6C09 /* Headers */,
				7CD9AF0E2E70B183008E6C09 /* Sources */,
				7CD9AF0F2E70B183008E6C09 /* Frameworks */,
				7CD9AF102E70B183008E6C09 /* Resources */,
			);
			buildRules = (
			);
			dependencies = (
			);
			fileSystemSynchronizedGroups = (
				7CD9AF132E70B183008E6C09 /* RNBOKit */,
			);
			name = RNBOKit;
			packageProductDependencies = (
			);
			productName = RNBOKit;
			productReference = 7CD9AF122E70B183008E6C09 /* RNBOKit.framework */;
			productType = "com.apple.product-type.framework";
		};
		AFF2B41929A2090200068DD0 /* Sonik */ = {
			isa = PBXNativeTarget;
			buildConfigurationList = AFF2B42929A2090300068DD0 /* Build configuration list for PBXNativeTarget "Sonik" */;
			buildPhases = (
				AFF2B41629A2090200068DD0 /* Sources */,
				AFF2B41729A2090200068DD0 /* Frameworks */,
				AFF2B41829A2090200068DD0 /* Resources */,
				7CD9AF1A2E70B183008E6C09 /* Embed Frameworks */,
			);
			buildRules = (
			);
			dependencies = (
				7CD9AF172E70B183008E6C09 /* PBXTargetDependency */,
			);
			name = Sonik;
			packageProductDependencies = (
				AF4B409A2B06C4B100FAACBF /* Keyboard */,
				7C32BC802E29636400DE9F8D /* AudioKit */,
				7C32BC8A2E30015700DE9F8D /* AudioKitUI */,
			);
			productName = SwiftRNBO_Example_multiplatfrom_SwiftUI;
			productReference = AFF2B41A29A2090200068DD0 /* Sonik.app */;
			productType = "com.apple.product-type.application";
		};
/* End PBXNativeTarget section */

/* Begin PBXProject section */
		AFF2B41229A2090200068DD0 /* Project object */ = {
			isa = PBXProject;
			attributes = {
				BuildIndependentTargetsInParallel = 1;
				LastSwiftUpdateCheck = 1420;
				LastUpgradeCheck = 1630;
				TargetAttributes = {
					7CD9AF112E70B183008E6C09 = {
						CreatedOnToolsVersion = 16.3;
					};
					AFF2B41929A2090200068DD0 = {
						CreatedOnToolsVersion = 14.2;
					};
				};
			};
			buildConfigurationList = AFF2B41529A2090200068DD0 /* Build configuration list for PBXProject "Sonik" */;
			developmentRegion = en;
			hasScannedForEncodings = 0;
			knownRegions = (
				en,
				Base,
			);
			mainGroup = AFF2B41129A2090200068DD0;
			packageReferences = (
				AF4B40992B06C4B100FAACBF /* XCRemoteSwiftPackageReference "Keyboard" */,
				7C32BC892E30015700DE9F8D /* XCRemoteSwiftPackageReference "AudioKitUI" */,
			);
			preferredProjectObjectVersion = 56;
			productRefGroup = AFF2B41B29A2090200068DD0 /* Products */;
			projectDirPath = "";
			projectRoot = "";
			targets = (
				AFF2B41929A2090200068DD0 /* Sonik */,
				7CD9AF112E70B183008E6C09 /* RNBOKit */,
			);
		};
/* End PBXProject section */

/* Begin PBXResourcesBuildPhase section */
		7CD9AF102E70B183008E6C09 /* Resources */ = {
			isa = PBXResourcesBuildPhase;
			buildActionMask = 2147483647;
			files = (
			);
			runOnlyForDeploymentPostprocessing = 0;
		};
		AFF2B41829A2090200068DD0 /* Resources */ = {
			isa = PBXResourcesBuildPhase;
			buildActionMask = 2147483647;
			files = (
				7C35C1812E3837B9008AAD79 /* parameterConfig.json in Resources */,
				7C6CC7A12E34EBCC00CE52E9 /* midiMelody2.mid in Resources */,
				7C7CB1BD2E4E6CEF00569724 /* xyPresets.json in Resources */,
				AFF2B42629A2090300068DD0 /* Preview Assets.xcassets in Resources */,
				7C446AAF2E57D13D008622EA /* chordSchema.json in Resources */,
				AFF4B5222A006A8200087CB8 /* Synth.aif in Resources */,
				7C32BC852E2968E400DE9F8D /* midiMelody.mid in Resources */,
				AFF2B42229A2090300068DD0 /* Assets.xcassets in Resources */,
				7C087DE22E6B892D002F60F2 /* strauss-blue-danube.mid in Resources */,
				7C087DE32E6B892D002F60F2 /* tchaikovsky-waltz-flowers.mid in Resources */,
				7C087DE42E6B892D002F60F2 /* rodgers-edelweiss2.mid in Resources */,
				7C087DE52E6B892D002F60F2 /* beethoven-ode-to-joy.mid in Resources */,
				7C087DE62E6B892D002F60F2 /* presley-love-me-tender.mid in Resources */,
				7C087DE72E6B892D002F60F2 /* traditional-greensleeves2.mid in Resources */,
				7C087DE82E6B892D002F60F2 /* schubert-ave-maria.mid in Resources */,
				7C087DE92E6B892D002F60F2 /* rodgers-edelweiss.mid in Resources */,
				7C087DEA2E6B892D002F60F2 /* traditional-greensleeves.mid in Resources */,
				7C087DEB2E6B892D002F60F2 /* mancini-moon-river.mid in Resources */,
			);
			runOnlyForDeploymentPostprocessing = 0;
		};
/* End PBXResourcesBuildPhase section */

/* Begin PBXSourcesBuildPhase section */
		7CD9AF0E2E70B183008E6C09 /* Sources */ = {
			isa = PBXSourcesBuildPhase;
			buildActionMask = 2147483647;
			files = (
			);
			runOnlyForDeploymentPostprocessing = 0;
		};
		AFF2B41629A2090200068DD0 /* Sources */ = {
			isa = PBXSourcesBuildPhase;
			buildActionMask = 2147483647;
			files = (
				7C1B5F3B2E6C530400028CDC /* SequencerTempoControl.swift in Sources */,
				7C7CB1B92E4E6C7A00569724 /* XYPad.swift in Sources */,
				AFF2B4FA29A20A3900068DD0 /* Sliders.swift in Sources */,
				AFF2B4ED29A2094600068DD0 /* RNBOAudioUnitHostModel.swift in Sources */,
				7C68D25B2E5B3535003C3F89 /* ParameterConfig.swift in Sources */,
				7C7CB1B72E4E6C5D00569724 /* XYPresetStore.swift in Sources */,
				AF865DE82B0A381B0019FB28 /* MIDIHelpers.swift in Sources */,
				7C32BC7E2E29633200DE9F8D /* MIDISequencer.swift in Sources */,
				7C446AAE2E57D137008622EA /* Progression.swift in Sources */,
				7C446AAD2E57D130008622EA /* Extension.swift in Sources */,
				7CF226572E6078F100103A6A /* ArpAppView.swift in Sources */,
				AFEBC8E22B079BD80097D64B /* Buttons.swift in Sources */,
				7CF226592E60791300103A6A /* ArpEditorView.swift in Sources */,
				AF4B40932B06326800FAACBF /* RNBOEventHandler.swift in Sources */,
				7C446AB32E57DE1F008622EA /* ProgressionTheory.swift in Sources */,
				7C087DD62E6B88FA002F60F2 /* MIDILibrary.swift in Sources */,
				7C446AAC2E57D12A008622EA /* ChordPicker.swift in Sources */,
				7C7CB1B52E4E6BAF00569724 /* XYPadConfig.swift in Sources */,
				7C1B5F392E6C2BB800028CDC /* HarmonicityControl.swift in Sources */,
				AFEBC8E42B079C150097D64B /* AudioKitKeyboard.swift in Sources */,
				7C446AB12E57DDFC008622EA /* ProgressionIO.swift in Sources */,
				AFFCBE462B09575300800A23 /* SliderView.swift in Sources */,
				AFF2B4EC29A2094600068DD0 /* RNBOParameter.swift in Sources */,
				7C32BC8D2E3008EA00DE9F8D /* NativeSlider.swift in Sources */,
				7C7CB1BB2E4E6C9B00569724 /* DualXYPadsView.swift in Sources */,
				AFFCBE422B09019A00800A23 /* RNBODescription.swift in Sources */,
				AFF2B42029A2090200068DD0 /* ContentView.swift in Sources */,
				7C446AAB2E57D122008622EA /* ProgressionEditorView.swift in Sources */,
				AFF2B4EB29A2094600068DD0 /* RNBOAudioEngine.swift in Sources */,
				7C32BC832E29639B00DE9F8D /* RNBOAudioKitMIDIRouter.swift in Sources */,
				AFF2B41E29A2090200068DD0 /* Sonik.swift in Sources */,
				7C494EBE2E43B15800CA760B /* OctaafStepperView.swift in Sources */,
				AFFCBE442B09079000800A23 /* DescriptionView.swift in Sources */,
				7C1B5F372E6C257800028CDC /* HarmonicityScale.swift in Sources */,
				7C86D93D2E5720C1007574EF /* UserInterface.swift in Sources */,
				7C32BC7C2E29631F00DE9F8D /* AudioKitMIDIManager.swift in Sources */,
			);
			runOnlyForDeploymentPostprocessing = 0;
		};
/* End PBXSourcesBuildPhase section */

/* Begin PBXTargetDependency section */
		7CD9AF172E70B183008E6C09 /* PBXTargetDependency */ = {
			isa = PBXTargetDependency;
			target = 7CD9AF112E70B183008E6C09 /* RNBOKit */;
			targetProxy = 7CD9AF162E70B183008E6C09 /* PBXContainerItemProxy */;
		};
/* End PBXTargetDependency section */

/* Begin XCBuildConfiguration section */
		7CD9AF1B2E70B183008E6C09 /* Debug */ = {
			isa = XCBuildConfiguration;
			buildSettings = {
				CODE_SIGN_STYLE = Automatic;
				CURRENT_PROJECT_VERSION = 1;
				DEFINES_MODULE = YES;
				DEVELOPMENT_TEAM = JJM4XR9TZN;
				DYLIB_COMPATIBILITY_VERSION = 1;
				DYLIB_CURRENT_VERSION = 1;
				DYLIB_INSTALL_NAME_BASE = "@rpath";
				ENABLE_MODULE_VERIFIER = YES;
				GCC_C_LANGUAGE_STANDARD = gnu17;
				GENERATE_INFOPLIST_FILE = YES;
				INFOPLIST_KEY_NSHumanReadableCopyright = "";
				INSTALL_PATH = "$(LOCAL_LIBRARY_DIR)/Frameworks";
				IPHONEOS_DEPLOYMENT_TARGET = 18.4;
				LD_RUNPATH_SEARCH_PATHS = (
					"$(inherited)",
					"@executable_path/Frameworks",
					"@loader_path/Frameworks",
				);
				LOCALIZATION_PREFERS_STRING_CATALOGS = YES;
				MARKETING_VERSION = 1.0;
				MODULE_VERIFIER_SUPPORTED_LANGUAGES = "objective-c objective-c++";
				MODULE_VERIFIER_SUPPORTED_LANGUAGE_STANDARDS = "gnu17 gnu++20";
				PRODUCT_BUNDLE_IDENTIFIER = "nl.symphonic-emotions.rnbo.RNBOKit";
				PRODUCT_NAME = "$(TARGET_NAME:c99extidentifier)";
				SDKROOT = iphoneos;
				SKIP_INSTALL = YES;
				SWIFT_EMIT_LOC_STRINGS = YES;
				TARGETED_DEVICE_FAMILY = "1,2";
				VERSIONING_SYSTEM = "apple-generic";
				VERSION_INFO_PREFIX = "";
			};
			name = Debug;
		};
		7CD9AF1C2E70B183008E6C09 /* Release */ = {
			isa = XCBuildConfiguration;
			buildSettings = {
				CODE_SIGN_STYLE = Automatic;
				CURRENT_PROJECT_VERSION = 1;
				DEFINES_MODULE = YES;
				DEVELOPMENT_TEAM = JJM4XR9TZN;
				DYLIB_COMPATIBILITY_VERSION = 1;
				DYLIB_CURRENT_VERSION = 1;
				DYLIB_INSTALL_NAME_BASE = "@rpath";
				ENABLE_MODULE_VERIFIER = YES;
				GCC_C_LANGUAGE_STANDARD = gnu17;
				GENERATE_INFOPLIST_FILE = YES;
				INFOPLIST_KEY_NSHumanReadableCopyright = "";
				INSTALL_PATH = "$(LOCAL_LIBRARY_DIR)/Frameworks";
				IPHONEOS_DEPLOYMENT_TARGET = 18.4;
				LD_RUNPATH_SEARCH_PATHS = (
					"$(inherited)",
					"@executable_path/Frameworks",
					"@loader_path/Frameworks",
				);
				LOCALIZATION_PREFERS_STRING_CATALOGS = YES;
				MARKETING_VERSION = 1.0;
				MODULE_VERIFIER_SUPPORTED_LANGUAGES = "objective-c objective-c++";
				MODULE_VERIFIER_SUPPORTED_LANGUAGE_STANDARDS = "gnu17 gnu++20";
				PRODUCT_BUNDLE_IDENTIFIER = "nl.symphonic-emotions.rnbo.RNBOKit";
				PRODUCT_NAME = "$(TARGET_NAME:c99extidentifier)";
				SDKROOT = iphoneos;
				SKIP_INSTALL = YES;
				SWIFT_EMIT_LOC_STRINGS = YES;
				TARGETED_DEVICE_FAMILY = "1,2";
				VALIDATE_PRODUCT = YES;
				VERSIONING_SYSTEM = "apple-generic";
				VERSION_INFO_PREFIX = "";
			};
			name = Release;
		};
		AFF2B42729A2090300068DD0 /* Debug */ = {
			isa = XCBuildConfiguration;
			buildSettings = {
				ALWAYS_SEARCH_USER_PATHS = NO;
				ASSETCATALOG_COMPILER_GENERATE_SWIFT_ASSET_SYMBOL_EXTENSIONS = YES;
				CLANG_ANALYZER_NONNULL = YES;
				CLANG_ANALYZER_NUMBER_OBJECT_CONVERSION = YES_AGGRESSIVE;
				CLANG_CXX_LANGUAGE_STANDARD = "gnu++20";
				CLANG_ENABLE_MODULES = YES;
				CLANG_ENABLE_OBJC_ARC = YES;
				CLANG_ENABLE_OBJC_WEAK = YES;
				CLANG_WARN_BLOCK_CAPTURE_AUTORELEASING = YES;
				CLANG_WARN_BOOL_CONVERSION = YES;
				CLANG_WARN_COMMA = YES;
				CLANG_WARN_CONSTANT_CONVERSION = YES;
				CLANG_WARN_DEPRECATED_OBJC_IMPLEMENTATIONS = YES;
				CLANG_WARN_DIRECT_OBJC_ISA_USAGE = YES_ERROR;
				CLANG_WARN_DOCUMENTATION_COMMENTS = YES;
				CLANG_WARN_EMPTY_BODY = YES;
				CLANG_WARN_ENUM_CONVERSION = YES;
				CLANG_WARN_INFINITE_RECURSION = YES;
				CLANG_WARN_INT_CONVERSION = YES;
				CLANG_WARN_NON_LITERAL_NULL_CONVERSION = YES;
				CLANG_WARN_OBJC_IMPLICIT_RETAIN_SELF = YES;
				CLANG_WARN_OBJC_LITERAL_CONVERSION = YES;
				CLANG_WARN_OBJC_ROOT_CLASS = YES_ERROR;
				CLANG_WARN_QUOTED_INCLUDE_IN_FRAMEWORK_HEADER = YES;
				CLANG_WARN_RANGE_LOOP_ANALYSIS = YES;
				CLANG_WARN_STRICT_PROTOTYPES = YES;
				CLANG_WARN_SUSPICIOUS_MOVE = YES;
				CLANG_WARN_UNGUARDED_AVAILABILITY = YES_AGGRESSIVE;
				CLANG_WARN_UNREACHABLE_CODE = YES;
				CLANG_WARN__DUPLICATE_METHOD_MATCH = YES;
				COPY_PHASE_STRIP = NO;
				DEAD_CODE_STRIPPING = YES;
				DEBUG_INFORMATION_FORMAT = dwarf;
				DEVELOPMENT_TEAM = JJM4XR9TZN;
				ENABLE_STRICT_OBJC_MSGSEND = YES;
				ENABLE_TESTABILITY = YES;
				ENABLE_USER_SCRIPT_SANDBOXING = YES;
				GCC_C_LANGUAGE_STANDARD = gnu11;
				GCC_DYNAMIC_NO_PIC = NO;
				GCC_NO_COMMON_BLOCKS = YES;
				GCC_OPTIMIZATION_LEVEL = 0;
				GCC_PREPROCESSOR_DEFINITIONS = (
					"DEBUG=1",
					"$(inherited)",
				);
				GCC_WARN_64_TO_32_BIT_CONVERSION = YES;
				GCC_WARN_ABOUT_RETURN_TYPE = YES_ERROR;
				GCC_WARN_UNDECLARED_SELECTOR = YES;
				GCC_WARN_UNINITIALIZED_AUTOS = YES_AGGRESSIVE;
				GCC_WARN_UNUSED_FUNCTION = YES;
				GCC_WARN_UNUSED_VARIABLE = YES;
				MTL_ENABLE_DEBUG_INFO = INCLUDE_SOURCE;
				MTL_FAST_MATH = YES;
				ONLY_ACTIVE_ARCH = YES;
				SWIFT_ACTIVE_COMPILATION_CONDITIONS = DEBUG;
				SWIFT_OPTIMIZATION_LEVEL = "-Onone";
			};
			name = Debug;
		};
		AFF2B42829A2090300068DD0 /* Release */ = {
			isa = XCBuildConfiguration;
			buildSettings = {
				ALWAYS_SEARCH_USER_PATHS = NO;
				ASSETCATALOG_COMPILER_GENERATE_SWIFT_ASSET_SYMBOL_EXTENSIONS = YES;
				CLANG_ANALYZER_NONNULL = YES;
				CLANG_ANALYZER_NUMBER_OBJECT_CONVERSION = YES_AGGRESSIVE;
				CLANG_CXX_LANGUAGE_STANDARD = "gnu++20";
				CLANG_ENABLE_MODULES = YES;
				CLANG_ENABLE_OBJC_ARC = YES;
				CLANG_ENABLE_OBJC_WEAK = YES;
				CLANG_WARN_BLOCK_CAPTURE_AUTORELEASING = YES;
				CLANG_WARN_BOOL_CONVERSION = YES;
				CLANG_WARN_COMMA = YES;
				CLANG_WARN_CONSTANT_CONVERSION = YES;
				CLANG_WARN_DEPRECATED_OBJC_IMPLEMENTATIONS = YES;
				CLANG_WARN_DIRECT_OBJC_ISA_USAGE = YES_ERROR;
				CLANG_WARN_DOCUMENTATION_COMMENTS = YES;
				CLANG_WARN_EMPTY_BODY = YES;
				CLANG_WARN_ENUM_CONVERSION = YES;
				CLANG_WARN_INFINITE_RECURSION = YES;
				CLANG_WARN_INT_CONVERSION = YES;
				CLANG_WARN_NON_LITERAL_NULL_CONVERSION = YES;
				CLANG_WARN_OBJC_IMPLICIT_RETAIN_SELF = YES;
				CLANG_WARN_OBJC_LITERAL_CONVERSION = YES;
				CLANG_WARN_OBJC_ROOT_CLASS = YES_ERROR;
				CLANG_WARN_QUOTED_INCLUDE_IN_FRAMEWORK_HEADER = YES;
				CLANG_WARN_RANGE_LOOP_ANALYSIS = YES;
				CLANG_WARN_STRICT_PROTOTYPES = YES;
				CLANG_WARN_SUSPICIOUS_MOVE = YES;
				CLANG_WARN_UNGUARDED_AVAILABILITY = YES_AGGRESSIVE;
				CLANG_WARN_UNREACHABLE_CODE = YES;
				CLANG_WARN__DUPLICATE_METHOD_MATCH = YES;
				COPY_PHASE_STRIP = NO;
				DEAD_CODE_STRIPPING = YES;
				DEBUG_INFORMATION_FORMAT = "dwarf-with-dsym";
				DEVELOPMENT_TEAM = JJM4XR9TZN;
				ENABLE_NS_ASSERTIONS = NO;
				ENABLE_STRICT_OBJC_MSGSEND = YES;
				ENABLE_USER_SCRIPT_SANDBOXING = YES;
				GCC_C_LANGUAGE_STANDARD = gnu11;
				GCC_NO_COMMON_BLOCKS = YES;
				GCC_WARN_64_TO_32_BIT_CONVERSION = YES;
				GCC_WARN_ABOUT_RETURN_TYPE = YES_ERROR;
				GCC_WARN_UNDECLARED_SELECTOR = YES;
				GCC_WARN_UNINITIALIZED_AUTOS = YES_AGGRESSIVE;
				GCC_WARN_UNUSED_FUNCTION = YES;
				GCC_WARN_UNUSED_VARIABLE = YES;
				MTL_ENABLE_DEBUG_INFO = NO;
				MTL_FAST_MATH = YES;
				SWIFT_COMPILATION_MODE = wholemodule;
				SWIFT_OPTIMIZATION_LEVEL = "-O";
			};
			name = Release;
		};
		AFF2B42A29A2090300068DD0 /* Debug */ = {
			isa = XCBuildConfiguration;
			buildSettings = {
				ASSETCATALOG_COMPILER_APPICON_NAME = AppIcon;
				ASSETCATALOG_COMPILER_GLOBAL_ACCENT_COLOR_NAME = AccentColor;
				CODE_SIGN_ENTITLEMENTS = Sonik/Sonik.entitlements;
				CODE_SIGN_STYLE = Automatic;
				CURRENT_PROJECT_VERSION = 1;
				DEAD_CODE_STRIPPING = YES;
				DEVELOPMENT_ASSET_PATHS = "\"Sonik/Preview Content\"";
				DEVELOPMENT_TEAM = JJM4XR9TZN;
				ENABLE_HARDENED_RUNTIME = YES;
				"ENABLE_HARDENED_RUNTIME[sdk=macosx*]" = YES;
				ENABLE_PREVIEWS = YES;
				GENERATE_INFOPLIST_FILE = YES;
				HEADER_SEARCH_PATHS = "${PRODUCT_NAME}/RNBO/export/**";
				INFOPLIST_FILE = "Sonik-Info.plist";
				INFOPLIST_KEY_LSApplicationCategoryType = "public.app-category.music";
				INFOPLIST_KEY_NSMicrophoneUsageDescription = "This app uses microphone.";
				"INFOPLIST_KEY_UIApplicationSceneManifest_Generation[sdk=iphoneos*]" = YES;
				"INFOPLIST_KEY_UIApplicationSceneManifest_Generation[sdk=iphonesimulator*]" = YES;
				"INFOPLIST_KEY_UIApplicationSupportsIndirectInputEvents[sdk=iphoneos*]" = YES;
				"INFOPLIST_KEY_UIApplicationSupportsIndirectInputEvents[sdk=iphonesimulator*]" = YES;
				"INFOPLIST_KEY_UILaunchScreen_Generation[sdk=iphoneos*]" = YES;
				"INFOPLIST_KEY_UILaunchScreen_Generation[sdk=iphonesimulator*]" = YES;
				"INFOPLIST_KEY_UIStatusBarStyle[sdk=iphoneos*]" = UIStatusBarStyleDefault;
				"INFOPLIST_KEY_UIStatusBarStyle[sdk=iphonesimulator*]" = UIStatusBarStyleDefault;
				INFOPLIST_KEY_UISupportedInterfaceOrientations_iPad = "UIInterfaceOrientationPortrait UIInterfaceOrientationPortraitUpsideDown UIInterfaceOrientationLandscapeLeft UIInterfaceOrientationLandscapeRight";
				INFOPLIST_KEY_UISupportedInterfaceOrientations_iPhone = "UIInterfaceOrientationPortrait UIInterfaceOrientationLandscapeLeft UIInterfaceOrientationLandscapeRight";
				IPHONEOS_DEPLOYMENT_TARGET = 16.1;
				LD_RUNPATH_SEARCH_PATHS = "@executable_path/Frameworks";
				"LD_RUNPATH_SEARCH_PATHS[sdk=macosx*]" = "@executable_path/../Frameworks";
				MACOSX_DEPLOYMENT_TARGET = 13.1;
				MARKETING_VERSION = 0.0.2;
				PRODUCT_BUNDLE_IDENTIFIER = "nl.symphonic-emotions.rnbo.sonik";
				PRODUCT_NAME = "$(TARGET_NAME)";
				SDKROOT = auto;
				SUPPORTED_PLATFORMS = "iphoneos iphonesimulator";
				SUPPORTS_MACCATALYST = NO;
				SUPPORTS_MAC_DESIGNED_FOR_IPHONE_IPAD = NO;
				SWIFT_EMIT_LOC_STRINGS = YES;
				SWIFT_OBJC_BRIDGING_HEADER = "${PRODUCT_NAME}/RNBO/Bindings/RNBO-Bridging-Header.h";
				SWIFT_VERSION = 5.0;
				TARGETED_DEVICE_FAMILY = "1,2";
				TVOS_DEPLOYMENT_TARGET = 17.0;
			};
			name = Debug;
		};
		AFF2B42B29A2090300068DD0 /* Release */ = {
			isa = XCBuildConfiguration;
			buildSettings = {
				ASSETCATALOG_COMPILER_APPICON_NAME = AppIcon;
				ASSETCATALOG_COMPILER_GLOBAL_ACCENT_COLOR_NAME = AccentColor;
				CODE_SIGN_ENTITLEMENTS = Sonik/Sonik.entitlements;
				CODE_SIGN_STYLE = Automatic;
				CURRENT_PROJECT_VERSION = 1;
				DEAD_CODE_STRIPPING = YES;
				DEVELOPMENT_ASSET_PATHS = "\"Sonik/Preview Content\"";
				DEVELOPMENT_TEAM = JJM4XR9TZN;
				ENABLE_HARDENED_RUNTIME = YES;
				"ENABLE_HARDENED_RUNTIME[sdk=macosx*]" = YES;
				ENABLE_PREVIEWS = YES;
				GENERATE_INFOPLIST_FILE = YES;
				HEADER_SEARCH_PATHS = "${PRODUCT_NAME}/RNBO/export/**";
				INFOPLIST_FILE = "Sonik-Info.plist";
				INFOPLIST_KEY_LSApplicationCategoryType = "public.app-category.music";
				INFOPLIST_KEY_NSMicrophoneUsageDescription = "This app uses microphone.";
				"INFOPLIST_KEY_UIApplicationSceneManifest_Generation[sdk=iphoneos*]" = YES;
				"INFOPLIST_KEY_UIApplicationSceneManifest_Generation[sdk=iphonesimulator*]" = YES;
				"INFOPLIST_KEY_UIApplicationSupportsIndirectInputEvents[sdk=iphoneos*]" = YES;
				"INFOPLIST_KEY_UIApplicationSupportsIndirectInputEvents[sdk=iphonesimulator*]" = YES;
				"INFOPLIST_KEY_UILaunchScreen_Generation[sdk=iphoneos*]" = YES;
				"INFOPLIST_KEY_UILaunchScreen_Generation[sdk=iphonesimulator*]" = YES;
				"INFOPLIST_KEY_UIStatusBarStyle[sdk=iphoneos*]" = UIStatusBarStyleDefault;
				"INFOPLIST_KEY_UIStatusBarStyle[sdk=iphonesimulator*]" = UIStatusBarStyleDefault;
				INFOPLIST_KEY_UISupportedInterfaceOrientations_iPad = "UIInterfaceOrientationPortrait UIInterfaceOrientationPortraitUpsideDown UIInterfaceOrientationLandscapeLeft UIInterfaceOrientationLandscapeRight";
				INFOPLIST_KEY_UISupportedInterfaceOrientations_iPhone = "UIInterfaceOrientationPortrait UIInterfaceOrientationLandscapeLeft UIInterfaceOrientationLandscapeRight";
				IPHONEOS_DEPLOYMENT_TARGET = 16.1;
				LD_RUNPATH_SEARCH_PATHS = "@executable_path/Frameworks";
				"LD_RUNPATH_SEARCH_PATHS[sdk=macosx*]" = "@executable_path/../Frameworks";
				MACOSX_DEPLOYMENT_TARGET = 13.1;
				MARKETING_VERSION = 0.0.2;
				PRODUCT_BUNDLE_IDENTIFIER = "nl.symphonic-emotions.rnbo.sonik";
				PRODUCT_NAME = "$(TARGET_NAME)";
				SDKROOT = auto;
				SUPPORTED_PLATFORMS = "iphoneos iphonesimulator";
				SUPPORTS_MACCATALYST = NO;
				SUPPORTS_MAC_DESIGNED_FOR_IPHONE_IPAD = NO;
				SWIFT_EMIT_LOC_STRINGS = YES;
				SWIFT_OBJC_BRIDGING_HEADER = "${PRODUCT_NAME}/RNBO/Bindings/RNBO-Bridging-Header.h";
				SWIFT_VERSION = 5.0;
				TARGETED_DEVICE_FAMILY = "1,2";
				TVOS_DEPLOYMENT_TARGET = 17.0;
			};
			name = Release;
		};
/* End XCBuildConfiguration section */

/* Begin XCConfigurationList section */
		7CD9AF1E2E70B183008E6C09 /* Build configuration list for PBXNativeTarget "RNBOKit" */ = {
			isa = XCConfigurationList;
			buildConfigurations = (
				7CD9AF1B2E70B183008E6C09 /* Debug */,
				7CD9AF1C2E70B183008E6C09 /* Release */,
			);
			defaultConfigurationIsVisible = 0;
			defaultConfigurationName = Release;
		};
		AFF2B41529A2090200068DD0 /* Build configuration list for PBXProject "Sonik" */ = {
			isa = XCConfigurationList;
			buildConfigurations = (
				AFF2B42729A2090300068DD0 /* Debug */,
				AFF2B42829A2090300068DD0 /* Release */,
			);
			defaultConfigurationIsVisible = 0;
			defaultConfigurationName = Release;
		};
		AFF2B42929A2090300068DD0 /* Build configuration list for PBXNativeTarget "Sonik" */ = {
			isa = XCConfigurationList;
			buildConfigurations = (
				AFF2B42A29A2090300068DD0 /* Debug */,
				AFF2B42B29A2090300068DD0 /* Release */,
			);
			defaultConfigurationIsVisible = 0;
			defaultConfigurationName = Release;
		};
/* End XCConfigurationList section */

/* Begin XCRemoteSwiftPackageReference section */
		7C32BC892E30015700DE9F8D /* XCRemoteSwiftPackageReference "AudioKitUI" */ = {
			isa = XCRemoteSwiftPackageReference;
			repositoryURL = "https://github.com/AudioKit/AudioKitUI.git";
			requirement = {
				kind = upToNextMajorVersion;
				minimumVersion = 0.3.7;
			};
		};
		AF4B40992B06C4B100FAACBF /* XCRemoteSwiftPackageReference "Keyboard" */ = {
			isa = XCRemoteSwiftPackageReference;
			repositoryURL = "https://github.com/AudioKit/Keyboard.git";
			requirement = {
				kind = upToNextMajorVersion;
				minimumVersion = 1.3.6;
			};
		};
/* End XCRemoteSwiftPackageReference section */

/* Begin XCSwiftPackageProductDependency section */
		7C32BC802E29636400DE9F8D /* AudioKit */ = {
			isa = XCSwiftPackageProductDependency;
			productName = AudioKit;
		};
		7C32BC8A2E30015700DE9F8D /* AudioKitUI */ = {
			isa = XCSwiftPackageProductDependency;
			package = 7C32BC892E30015700DE9F8D /* XCRemoteSwiftPackageReference "AudioKitUI" */;
			productName = AudioKitUI;
		};
		AF4B409A2B06C4B100FAACBF /* Keyboard */ = {
			isa = XCSwiftPackageProductDependency;
			package = AF4B40992B06C4B100FAACBF /* XCRemoteSwiftPackageReference "Keyboard" */;
			productName = Keyboard;
		};
/* End XCSwiftPackageProductDependency section */
	};
	rootObject = AFF2B41229A2090200068DD0 /* Project object */;
}
